
Microsoft Visual Studio Solution File, Format Version 12.00
# Visual Studio 15
VisualStudioVersion = 15.0.28307.136
MinimumVisualStudioVersion = 10.0.40219.1
Project("{FAE04EC0-301F-11D3-BF4B-00C04F79EFBC}") = "WPF", "WPF\WPF.csproj", "{775C4C51-CF31-4499-9A49-31883FE23511}"
EndProject
Project("{FAE04EC0-301F-11D3-BF4B-00C04F79EFBC}") = "XbapDemo", "XbapDemo\XbapDemo.csproj", "{4EA230DC-1191-4722-AB7F-2B2A078B6C98}"
EndProject
Project("{FAE04EC0-301F-11D3-BF4B-00C04F79EFBC}") = "Helper", "Helper\Helper.csproj", "{E6ECA7E7-D529-4717-84A4-D579F7A96A8F}"
EndProject
Project("{FAE04EC0-301F-11D3-BF4B-00C04F79EFBC}") = "CAD", "CAD\CAD.csproj", "{F8585FCC-1DD8-4F7F-AF61-A307416CEAD3}"
EndProject
Project("{FAE04EC0-301F-11D3-BF4B-00C04F79EFBC}") = "LayoutPractice", "LayoutPractice\LayoutPractice.csproj", "{2847A813-6DFF-49F1-AE40-40214995A869}"
EndProject
Project("{FAE04EC0-301F-11D3-BF4B-00C04F79EFBC}") = "UserControls", "UserControls\UserControls.csproj", "{C3566F71-80D9-487A-A487-7126EAFB22C5}"
EndProject
Project("{FAE04EC0-301F-11D3-BF4B-00C04F79EFBC}") = "KeyboardHooker", "KeyboardHooker\KeyboardHooker.csproj", "{B1D26309-FB85-4ABE-A6C0-912A2B3E4204}"
EndProject
Global
	GlobalSection(SolutionConfigurationPlatforms) = preSolution
		Debug|Any CPU = Debug|Any CPU
		Release|Any CPU = Release|Any CPU
	EndGlobalSection
	GlobalSection(ProjectConfigurationPlatforms) = postSolution
		{775C4C51-CF31-4499-9A49-31883FE23511}.Debug|Any CPU.ActiveCfg = Debug|Any CPU
		{775C4C51-CF31-4499-9A49-31883FE23511}.Debug|Any CPU.Build.0 = Debug|Any CPU
		{775C4C51-CF31-4499-9A49-31883FE23511}.Release|Any CPU.ActiveCfg = Release|Any CPU
		{775C4C51-CF31-4499-9A49-31883FE23511}.Release|Any CPU.Build.0 = Release|Any CPU
		{4EA230DC-1191-4722-AB7F-2B2A078B6C98}.Debug|Any CPU.ActiveCfg = Debug|Any CPU
		{4EA230DC-1191-4722-AB7F-2B2A078B6C98}.Debug|Any CPU.Build.0 = Debug|Any CPU
		{4EA230DC-1191-4722-AB7F-2B2A078B6C98}.Release|Any CPU.ActiveCfg = Release|Any CPU
		{4EA230DC-1191-4722-AB7F-2B2A078B6C98}.Release|Any CPU.Build.0 = Release|Any CPU
		{E6ECA7E7-D529-4717-84A4-D579F7A96A8F}.Debug|Any CPU.ActiveCfg = Debug|Any CPU
		{E6ECA7E7-D529-4717-84A4-D579F7A96A8F}.Debug|Any CPU.Build.0 = Debug|Any CPU
		{E6ECA7E7-D529-4717-84A4-D579F7A96A8F}.Release|Any CPU.ActiveCfg = Release|Any CPU
		{E6ECA7E7-D529-4717-84A4-D579F7A96A8F}.Release|Any CPU.Build.0 = Release|Any CPU
		{F8585FCC-1DD8-4F7F-AF61-A307416CEAD3}.Debug|Any CPU.ActiveCfg = Debug|Any CPU
		{F8585FCC-1DD8-4F7F-AF61-A307416CEAD3}.Debug|Any CPU.Build.0 = Debug|Any CPU
		{F8585FCC-1DD8-4F7F-AF61-A307416CEAD3}.Release|Any CPU.ActiveCfg = Release|Any CPU
		{F8585FCC-1DD8-4F7F-AF61-A307416CEAD3}.Release|Any CPU.Build.0 = Release|Any CPU
		{2847A813-6DFF-49F1-AE40-40214995A869}.Debug|Any CPU.ActiveCfg = Debug|Any CPU
		{2847A813-6DFF-49F1-AE40-40214995A869}.Debug|Any CPU.Build.0 = Debug|Any CPU
		{2847A813-6DFF-49F1-AE40-40214995A869}.Release|Any CPU.ActiveCfg = Release|Any CPU
		{2847A813-6DFF-49F1-AE40-40214995A869}.Release|Any CPU.Build.0 = Release|Any CPU
		{C3566F71-80D9-487A-A487-7126EAFB22C5}.Debug|Any CPU.ActiveCfg = Debug|Any CPU
		{C3566F71-80D9-487A-A487-7126EAFB22C5}.Debug|Any CPU.Build.0 = Debug|Any CPU
		{C3566F71-80D9-487A-A487-7126EAFB22C5}.Release|Any CPU.ActiveCfg = Release|Any CPU
		{C3566F71-80D9-487A-A487-7126EAFB22C5}.Release|Any CPU.Build.0 = Release|Any CPU
		{B1D26309-FB85-4ABE-A6C0-912A2B3E4204}.Debug|Any CPU.ActiveCfg = Debug|Any CPU
		{B1D26309-FB85-4ABE-A6C0-912A2B3E4204}.Debug|Any CPU.Build.0 = Debug|Any CPU
		{B1D26309-FB85-4ABE-A6C0-912A2B3E4204}.Release|Any CPU.ActiveCfg = Release|Any CPU
		{B1D26309-FB85-4ABE-A6C0-912A2B3E4204}.Release|Any CPU.Build.0 = Release|Any CPU
	EndGlobalSection
	GlobalSection(SolutionProperties) = preSolution
		HideSolutionNode = FALSE
	EndGlobalSection
	GlobalSection(ExtensibilityGlobals) = postSolution
		SolutionGuid = {9C9561A3-336D-4087-A54E-90E50B1D8BA8}
	EndGlobalSection
EndGlobal
